// !$*UTF8*$!
{
	archiveVersion = 1;
	classes = {
	};
	objectVersion = 56;
	objects = {

/* Begin PBXBuildFile section */
		BE0E90682A72D94C004056EA /* gifLoader.swift in Sources */ = {isa = PBXBuildFile; fileRef = BE0E90672A72D94C004056EA /* gifLoader.swift */; };
		BE1081002A71CF77008BBBAA /* AppDelegate.swift in Sources */ = {isa = PBXBuildFile; fileRef = BE1080FF2A71CF77008BBBAA /* AppDelegate.swift */; };
		BE1081022A71CF77008BBBAA /* SceneDelegate.swift in Sources */ = {isa = PBXBuildFile; fileRef = BE1081012A71CF77008BBBAA /* SceneDelegate.swift */; };
		BE1081042A71CF77008BBBAA /* ViewController.swift in Sources */ = {isa = PBXBuildFile; fileRef = BE1081032A71CF77008BBBAA /* ViewController.swift */; };
		BE1081072A71CF77008BBBAA /* Main.storyboard in Resources */ = {isa = PBXBuildFile; fileRef = BE1081052A71CF77008BBBAA /* Main.storyboard */; };
		BE1081092A71CF78008BBBAA /* Assets.xcassets in Resources */ = {isa = PBXBuildFile; fileRef = BE1081082A71CF78008BBBAA /* Assets.xcassets */; };
		BE10810C2A71CF78008BBBAA /* LaunchScreen.storyboard in Resources */ = {isa = PBXBuildFile; fileRef = BE10810A2A71CF78008BBBAA /* LaunchScreen.storyboard */; };
		BE1081142A71D1BA008BBBAA /* GoogleService-Info.plist in Resources */ = {isa = PBXBuildFile; fileRef = BE1081132A71D1BA008BBBAA /* GoogleService-Info.plist */; };
		BE8014312AADDB120042756E /* surfing gif.gif in Resources */ = {isa = PBXBuildFile; fileRef = BE8014302AADDB120042756E /* surfing gif.gif */; };
		BE81C00E2A7BF5D800F0CAC4 /* SurfingViewController.swift in Sources */ = {isa = PBXBuildFile; fileRef = BE81C00D2A7BF5D800F0CAC4 /* SurfingViewController.swift */; };
		BE81C0102A7BF5F900F0CAC4 /* UploadViewController.swift in Sources */ = {isa = PBXBuildFile; fileRef = BE81C00F2A7BF5F900F0CAC4 /* UploadViewController.swift */; };
		BE81C0122A7BF62B00F0CAC4 /* SettingsViewController.swift in Sources */ = {isa = PBXBuildFile; fileRef = BE81C0112A7BF62B00F0CAC4 /* SettingsViewController.swift */; };
		BE81C0142A7BFC4200F0CAC4 /* SaveViewController.swift in Sources */ = {isa = PBXBuildFile; fileRef = BE81C0132A7BFC4200F0CAC4 /* SaveViewController.swift */; };
		BE8A3D2A2AAE8AA9005900B1 /* TableViewCell.swift in Sources */ = {isa = PBXBuildFile; fileRef = BE8A3D292AAE8AA9005900B1 /* TableViewCell.swift */; };
		BE9422F22A8286A9001925B0 /* photo.gif in Resources */ = {isa = PBXBuildFile; fileRef = BE9422F12A8286A9001925B0 /* photo.gif */; };
		BE9422F42A831480001925B0 /* ProfileViewController.swift in Sources */ = {isa = PBXBuildFile; fileRef = BE9422F32A831480001925B0 /* ProfileViewController.swift */; };
		BEAF58902A7C2AF8006C8D37 /* smileGif.gif in Resources */ = {isa = PBXBuildFile; fileRef = BEAF588F2A7C2AF8006C8D37 /* smileGif.gif */; };
		BED824202A7F202600248767 /* surfingVibes.gif in Resources */ = {isa = PBXBuildFile; fileRef = BED8241F2A7F202600248767 /* surfingVibes.gif */; };
		D0E6378CC95A6A5AB65B03F5 /* Pods_SocialMediaFirebase.framework in Frameworks */ = {isa = PBXBuildFile; fileRef = DEA540D7873B124C8EE99381 /* Pods_SocialMediaFirebase.framework */; };
/* End PBXBuildFile section */

/* Begin PBXFileReference section */
		902116EF4FF7474F78E6F1F1 /* Pods-SocialMediaFirebase.release.xcconfig */ = {isa = PBXFileReference; includeInIndex = 1; lastKnownFileType = text.xcconfig; name = "Pods-SocialMediaFirebase.release.xcconfig"; path = "Target Support Files/Pods-SocialMediaFirebase/Pods-SocialMediaFirebase.release.xcconfig"; sourceTree = "<group>"; };
		97ECC01F5E25515686D45D6B /* Pods-SocialMediaFirebase.debug.xcconfig */ = {isa = PBXFileReference; includeInIndex = 1; lastKnownFileType = text.xcconfig; name = "Pods-SocialMediaFirebase.debug.xcconfig"; path = "Target Support Files/Pods-SocialMediaFirebase/Pods-SocialMediaFirebase.debug.xcconfig"; sourceTree = "<group>"; };
		BE0E90672A72D94C004056EA /* gifLoader.swift */ = {isa = PBXFileReference; lastKnownFileType = sourcecode.swift; path = gifLoader.swift; sourceTree = "<group>"; };
		BE1080FC2A71CF77008BBBAA /* SocialMediaFirebase.app */ = {isa = PBXFileReference; explicitFileType = wrapper.application; includeInIndex = 0; path = SocialMediaFirebase.app; sourceTree = BUILT_PRODUCTS_DIR; };
		BE1080FF2A71CF77008BBBAA /* AppDelegate.swift */ = {isa = PBXFileReference; lastKnownFileType = sourcecode.swift; path = AppDelegate.swift; sourceTree = "<group>"; };
		BE1081012A71CF77008BBBAA /* SceneDelegate.swift */ = {isa = PBXFileReference; lastKnownFileType = sourcecode.swift; path = SceneDelegate.swift; sourceTree = "<group>"; };
		BE1081032A71CF77008BBBAA /* ViewController.swift */ = {isa = PBXFileReference; lastKnownFileType = sourcecode.swift; path = ViewController.swift; sourceTree = "<group>"; };
		BE1081062A71CF77008BBBAA /* Base */ = {isa = PBXFileReference; lastKnownFileType = file.storyboard; name = Base; path = Base.lproj/Main.storyboard; sourceTree = "<group>"; };
		BE1081082A71CF78008BBBAA /* Assets.xcassets */ = {isa = PBXFileReference; lastKnownFileType = folder.assetcatalog; path = Assets.xcassets; sourceTree = "<group>"; };
		BE10810B2A71CF78008BBBAA /* Base */ = {isa = PBXFileReference; lastKnownFileType = file.storyboard; name = Base; path = Base.lproj/LaunchScreen.storyboard; sourceTree = "<group>"; };
		BE10810D2A71CF78008BBBAA /* Info.plist */ = {isa = PBXFileReference; lastKnownFileType = text.plist.xml; path = Info.plist; sourceTree = "<group>"; };
		BE1081132A71D1BA008BBBAA /* GoogleService-Info.plist */ = {isa = PBXFileReference; fileEncoding = 4; lastKnownFileType = text.plist.xml; path = "GoogleService-Info.plist"; sourceTree = "<group>"; };
		BE8014302AADDB120042756E /* surfing gif.gif */ = {isa = PBXFileReference; lastKnownFileType = image.gif; path = "surfing gif.gif"; sourceTree = "<group>"; };
		BE81C00D2A7BF5D800F0CAC4 /* SurfingViewController.swift */ = {isa = PBXFileReference; lastKnownFileType = sourcecode.swift; path = SurfingViewController.swift; sourceTree = "<group>"; };
		BE81C00F2A7BF5F900F0CAC4 /* UploadViewController.swift */ = {isa = PBXFileReference; lastKnownFileType = sourcecode.swift; path = UploadViewController.swift; sourceTree = "<group>"; };
		BE81C0112A7BF62B00F0CAC4 /* SettingsViewController.swift */ = {isa = PBXFileReference; lastKnownFileType = sourcecode.swift; path = SettingsViewController.swift; sourceTree = "<group>"; };
		BE81C0132A7BFC4200F0CAC4 /* SaveViewController.swift */ = {isa = PBXFileReference; lastKnownFileType = sourcecode.swift; path = SaveViewController.swift; sourceTree = "<group>"; };
		BE8A3D292AAE8AA9005900B1 /* TableViewCell.swift */ = {isa = PBXFileReference; lastKnownFileType = sourcecode.swift; path = TableViewCell.swift; sourceTree = "<group>"; };
		BE9422F12A8286A9001925B0 /* photo.gif */ = {isa = PBXFileReference; lastKnownFileType = image.gif; path = photo.gif; sourceTree = "<group>"; };
		BE9422F32A831480001925B0 /* ProfileViewController.swift */ = {isa = PBXFileReference; lastKnownFileType = sourcecode.swift; path = ProfileViewController.swift; sourceTree = "<group>"; };
		BEAF588F2A7C2AF8006C8D37 /* smileGif.gif */ = {isa = PBXFileReference; lastKnownFileType = image.gif; path = smileGif.gif; sourceTree = "<group>"; };
		BED8241F2A7F202600248767 /* surfingVibes.gif */ = {isa = PBXFileReference; lastKnownFileType = image.gif; name = surfingVibes.gif; path = ../../../../../Downloads/surfingVibes.gif; sourceTree = "<group>"; };
		DEA540D7873B124C8EE99381 /* Pods_SocialMediaFirebase.framework */ = {isa = PBXFileReference; explicitFileType = wrapper.framework; includeInIndex = 0; path = Pods_SocialMediaFirebase.framework; sourceTree = BUILT_PRODUCTS_DIR; };
/* End PBXFileReference section */

/* Begin PBXFrameworksBuildPhase section */
		BE1080F92A71CF77008BBBAA /* Frameworks */ = {
			isa = PBXFrameworksBuildPhase;
			buildActionMask = 2147483647;
			files = (
				D0E6378CC95A6A5AB65B03F5 /* Pods_SocialMediaFirebase.framework in Frameworks */,
			);
			runOnlyForDeploymentPostprocessing = 0;
		};
/* End PBXFrameworksBuildPhase section */

/* Begin PBXGroup section */
		24044BA57055DF88F11442D2 /* Frameworks */ = {
			isa = PBXGroup;
			children = (
				DEA540D7873B124C8EE99381 /* Pods_SocialMediaFirebase.framework */,
			);
			name = Frameworks;
			sourceTree = "<group>";
		};
		32DECD0A9D455ED961F12EAE /* Pods */ = {
			isa = PBXGroup;
			children = (
				97ECC01F5E25515686D45D6B /* Pods-SocialMediaFirebase.debug.xcconfig */,
				902116EF4FF7474F78E6F1F1 /* Pods-SocialMediaFirebase.release.xcconfig */,
			);
			path = Pods;
			sourceTree = "<group>";
		};
		BE1080F32A71CF77008BBBAA = {
			isa = PBXGroup;
			children = (
				BE1080FE2A71CF77008BBBAA /* SocialMediaFirebase */,
				BE1080FD2A71CF77008BBBAA /* Products */,
				32DECD0A9D455ED961F12EAE /* Pods */,
				24044BA57055DF88F11442D2 /* Frameworks */,
			);
			sourceTree = "<group>";
		};
		BE1080FD2A71CF77008BBBAA /* Products */ = {
			isa = PBXGroup;
			children = (
				BE1080FC2A71CF77008BBBAA /* SocialMediaFirebase.app */,
			);
			name = Products;
			sourceTree = "<group>";
		};
		BE1080FE2A71CF77008BBBAA /* SocialMediaFirebase */ = {
			isa = PBXGroup;
			children = (
				BE1080FF2A71CF77008BBBAA /* AppDelegate.swift */,
				BE1081012A71CF77008BBBAA /* SceneDelegate.swift */,
				BE1081082A71CF78008BBBAA /* Assets.xcassets */,
				BE81C0112A7BF62B00F0CAC4 /* SettingsViewController.swift */,
				BE8A3D292AAE8AA9005900B1 /* TableViewCell.swift */,
				BE81C0132A7BFC4200F0CAC4 /* SaveViewController.swift */,
				BE9422F32A831480001925B0 /* ProfileViewController.swift */,
				BE81C00F2A7BF5F900F0CAC4 /* UploadViewController.swift */,
				BE81C00D2A7BF5D800F0CAC4 /* SurfingViewController.swift */,
				BE1081032A71CF77008BBBAA /* ViewController.swift */,
				BE1081052A71CF77008BBBAA /* Main.storyboard */,
				BE10810A2A71CF78008BBBAA /* LaunchScreen.storyboard */,
				BE1081132A71D1BA008BBBAA /* GoogleService-Info.plist */,
				BE10810D2A71CF78008BBBAA /* Info.plist */,
				BE8014302AADDB120042756E /* surfing gif.gif */,
				BED8241F2A7F202600248767 /* surfingVibes.gif */,
				BEAF588F2A7C2AF8006C8D37 /* smileGif.gif */,
				BE9422F12A8286A9001925B0 /* photo.gif */,
				BE0E90672A72D94C004056EA /* gifLoader.swift */,
			);
			path = SocialMediaFirebase;
			sourceTree = "<group>";
		};
/* End PBXGroup section */

/* Begin PBXNativeTarget section */
		BE1080FB2A71CF77008BBBAA /* SocialMediaFirebase */ = {
			isa = PBXNativeTarget;
			buildConfigurationList = BE1081102A71CF78008BBBAA /* Build configuration list for PBXNativeTarget "SocialMediaFirebase" */;
			buildPhases = (
				426223E8F688941FCB11456A /* [CP] Check Pods Manifest.lock */,
				BE1080F82A71CF77008BBBAA /* Sources */,
				BE1080F92A71CF77008BBBAA /* Frameworks */,
				BE1080FA2A71CF77008BBBAA /* Resources */,
				459F5E8CC11F0120CD978190 /* [CP] Embed Pods Frameworks */,
			);
			buildRules = (
			);
			dependencies = (
			);
			name = SocialMediaFirebase;
			productName = SocialMediaFirebase;
			productReference = BE1080FC2A71CF77008BBBAA /* SocialMediaFirebase.app */;
			productType = "com.apple.product-type.application";
		};
/* End PBXNativeTarget section */

/* Begin PBXProject section */
		BE1080F42A71CF77008BBBAA /* Project object */ = {
			isa = PBXProject;
			attributes = {
				BuildIndependentTargetsInParallel = 1;
				LastSwiftUpdateCheck = 1430;
				LastUpgradeCheck = 1430;
				TargetAttributes = {
					BE1080FB2A71CF77008BBBAA = {
						CreatedOnToolsVersion = 14.3.1;
					};
				};
			};
			buildConfigurationList = BE1080F72A71CF77008BBBAA /* Build configuration list for PBXProject "SocialMediaFirebase" */;
			compatibilityVersion = "Xcode 14.0";
			developmentRegion = en;
			hasScannedForEncodings = 0;
			knownRegions = (
				en,
				Base,
			);
			mainGroup = BE1080F32A71CF77008BBBAA;
			productRefGroup = BE1080FD2A71CF77008BBBAA /* Products */;
			projectDirPath = "";
			projectRoot = "";
			targets = (
				BE1080FB2A71CF77008BBBAA /* SocialMediaFirebase */,
			);
		};
/* End PBXProject section */

/* Begin PBXResourcesBuildPhase section */
		BE1080FA2A71CF77008BBBAA /* Resources */ = {
			isa = PBXResourcesBuildPhase;
			buildActionMask = 2147483647;
			files = (
				BE10810C2A71CF78008BBBAA /* LaunchScreen.storyboard in Resources */,
				BEAF58902A7C2AF8006C8D37 /* smileGif.gif in Resources */,
				BE9422F22A8286A9001925B0 /* photo.gif in Resources */,
				BE1081142A71D1BA008BBBAA /* GoogleService-Info.plist in Resources */,
				BED824202A7F202600248767 /* surfingVibes.gif in Resources */,
				BE1081092A71CF78008BBBAA /* Assets.xcassets in Resources */,
				BE1081072A71CF77008BBBAA /* Main.storyboard in Resources */,
				BE8014312AADDB120042756E /* surfing gif.gif in Resources */,
			);
			runOnlyForDeploymentPostprocessing = 0;
		};
/* End PBXResourcesBuildPhase section */

/* Begin PBXShellScriptBuildPhase section */
		426223E8F688941FCB11456A /* [CP] Check Pods Manifest.lock */ = {
			isa = PBXShellScriptBuildPhase;
			buildActionMask = 2147483647;
			files = (
			);
			inputFileListPaths = (
			);
			inputPaths = (
				"${PODS_PODFILE_DIR_PATH}/Podfile.lock",
				"${PODS_ROOT}/Manifest.lock",
			);
			name = "[CP] Check Pods Manifest.lock";
			outputFileListPaths = (
			);
			outputPaths = (
				"$(DERIVED_FILE_DIR)/Pods-SocialMediaFirebase-checkManifestLockResult.txt",
			);
			runOnlyForDeploymentPostprocessing = 0;
			shellPath = /bin/sh;
			shellScript = "diff \"${PODS_PODFILE_DIR_PATH}/Podfile.lock\" \"${PODS_ROOT}/Manifest.lock\" > /dev/null\nif [ $? != 0 ] ; then\n    # print error to STDERR\n    echo \"error: The sandbox is not in sync with the Podfile.lock. Run 'pod install' or update your CocoaPods installation.\" >&2\n    exit 1\nfi\n# This output is used by Xcode 'outputs' to avoid re-running this script phase.\necho \"SUCCESS\" > \"${SCRIPT_OUTPUT_FILE_0}\"\n";
			showEnvVarsInLog = 0;
		};
		459F5E8CC11F0120CD978190 /* [CP] Embed Pods Frameworks */ = {
			isa = PBXShellScriptBuildPhase;
			buildActionMask = 2147483647;
			files = (
			);
			inputFileListPaths = (
				"${PODS_ROOT}/Target Support Files/Pods-SocialMediaFirebase/Pods-SocialMediaFirebase-frameworks-${CONFIGURATION}-input-files.xcfilelist",
			);
			name = "[CP] Embed Pods Frameworks";
			outputFileListPaths = (
				"${PODS_ROOT}/Target Support Files/Pods-SocialMediaFirebase/Pods-SocialMediaFirebase-frameworks-${CONFIGURATION}-output-files.xcfilelist",
			);
			runOnlyForDeploymentPostprocessing = 0;
			shellPath = /bin/sh;
			shellScript = "\"${PODS_ROOT}/Target Support Files/Pods-SocialMediaFirebase/Pods-SocialMediaFirebase-frameworks.sh\"\n";
			showEnvVarsInLog = 0;
		};
/* End PBXShellScriptBuildPhase section */

/* Begin PBXSourcesBuildPhase section */
		BE1080F82A71CF77008BBBAA /* Sources */ = {
			isa = PBXSourcesBuildPhase;
			buildActionMask = 2147483647;
			files = (
				BE1081042A71CF77008BBBAA /* ViewController.swift in Sources */,
				BE81C0142A7BFC4200F0CAC4 /* SaveViewController.swift in Sources */,
				BE81C0102A7BF5F900F0CAC4 /* UploadViewController.swift in Sources */,
				BE81C0122A7BF62B00F0CAC4 /* SettingsViewController.swift in Sources */,
				BE81C00E2A7BF5D800F0CAC4 /* SurfingViewController.swift in Sources */,
				BE8A3D2A2AAE8AA9005900B1 /* TableViewCell.swift in Sources */,
				BE1081002A71CF77008BBBAA /* AppDelegate.swift in Sources */,
				BE9422F42A831480001925B0 /* ProfileViewController.swift in Sources */,
				BE1081022A71CF77008BBBAA /* SceneDelegate.swift in Sources */,
				BE0E90682A72D94C004056EA /* gifLoader.swift in Sources */,
			);
			runOnlyForDeploymentPostprocessing = 0;
		};
/* End PBXSourcesBuildPhase section */

/* Begin PBXVariantGroup section */
		BE1081052A71CF77008BBBAA /* Main.storyboard */ = {
			isa = PBXVariantGroup;
			children = (
				BE1081062A71CF77008BBBAA /* Base */,
			);
			name = Main.storyboard;
			sourceTree = "<group>";
		};
		BE10810A2A71CF78008BBBAA /* LaunchScreen.storyboard */ = {
			isa = PBXVariantGroup;
			children = (
				BE10810B2A71CF78008BBBAA /* Base */,
			);
			name = LaunchScreen.storyboard;
			sourceTree = "<group>";
		};
/* End PBXVariantGroup section */

/* Begin XCBuildConfiguration section */
		BE10810E2A71CF78008BBBAA /* Debug */ = {
			isa = XCBuildConfiguration;
			buildSettings = {
				ALWAYS_SEARCH_USER_PATHS = NO;
				CLANG_ANALYZER_NONNULL = YES;
				CLANG_ANALYZER_NUMBER_OBJECT_CONVERSION = YES_AGGRESSIVE;
				CLANG_CXX_LANGUAGE_STANDARD = "gnu++20";
				CLANG_ENABLE_MODULES = YES;
				CLANG_ENABLE_OBJC_ARC = YES;
				CLANG_ENABLE_OBJC_WEAK = YES;
				CLANG_WARN_BLOCK_CAPTURE_AUTORELEASING = YES;
				CLANG_WARN_BOOL_CONVERSION = YES;
				CLANG_WARN_COMMA = YES;
				CLANG_WARN_CONSTANT_CONVERSION = YES;
				CLANG_WARN_DEPRECATED_OBJC_IMPLEMENTATIONS = YES;
				CLANG_WARN_DIRECT_OBJC_ISA_USAGE = YES_ERROR;
				CLANG_WARN_DOCUMENTATION_COMMENTS = YES;
				CLANG_WARN_EMPTY_BODY = YES;
				CLANG_WARN_ENUM_CONVERSION = YES;
				CLANG_WARN_INFINITE_RECURSION = YES;
				CLANG_WARN_INT_CONVERSION = YES;
				CLANG_WARN_NON_LITERAL_NULL_CONVERSION = YES;
				CLANG_WARN_OBJC_IMPLICIT_RETAIN_SELF = YES;
				CLANG_WARN_OBJC_LITERAL_CONVERSION = YES;
				CLANG_WARN_OBJC_ROOT_CLASS = YES_ERROR;
				CLANG_WARN_QUOTED_INCLUDE_IN_FRAMEWORK_HEADER = YES;
				CLANG_WARN_RANGE_LOOP_ANALYSIS = YES;
				CLANG_WARN_STRICT_PROTOTYPES = YES;
				CLANG_WARN_SUSPICIOUS_MOVE = YES;
				CLANG_WARN_UNGUARDED_AVAILABILITY = YES_AGGRESSIVE;
				CLANG_WARN_UNREACHABLE_CODE = YES;
				CLANG_WARN__DUPLICATE_METHOD_MATCH = YES;
				COPY_PHASE_STRIP = NO;
				DEBUG_INFORMATION_FORMAT = dwarf;
				ENABLE_STRICT_OBJC_MSGSEND = YES;
				ENABLE_TESTABILITY = YES;
				GCC_C_LANGUAGE_STANDARD = gnu11;
				GCC_DYNAMIC_NO_PIC = NO;
				GCC_NO_COMMON_BLOCKS = YES;
				GCC_OPTIMIZATION_LEVEL = 0;
				GCC_PREPROCESSOR_DEFINITIONS = (
					"DEBUG=1",
					"$(inherited)",
				);
				GCC_WARN_64_TO_32_BIT_CONVERSION = YES;
				GCC_WARN_ABOUT_RETURN_TYPE = YES_ERROR;
				GCC_WARN_UNDECLARED_SELECTOR = YES;
				GCC_WARN_UNINITIALIZED_AUTOS = YES_AGGRESSIVE;
				GCC_WARN_UNUSED_FUNCTION = YES;
				GCC_WARN_UNUSED_VARIABLE = YES;
				IPHONEOS_DEPLOYMENT_TARGET = 16.4;
				MTL_ENABLE_DEBUG_INFO = INCLUDE_SOURCE;
				MTL_FAST_MATH = YES;
				ONLY_ACTIVE_ARCH = YES;
				SDKROOT = iphoneos;
				SWIFT_ACTIVE_COMPILATION_CONDITIONS = DEBUG;
				SWIFT_OPTIMIZATION_LEVEL = "-Onone";
			};
			name = Debug;
		};
		BE10810F2A71CF78008BBBAA /* Release */ = {
			isa = XCBuildConfiguration;
			buildSettings = {
				ALWAYS_SEARCH_USER_PATHS = NO;
				CLANG_ANALYZER_NONNULL = YES;
				CLANG_ANALYZER_NUMBER_OBJECT_CONVERSION = YES_AGGRESSIVE;
				CLANG_CXX_LANGUAGE_STANDARD = "gnu++20";
				CLANG_ENABLE_MODULES = YES;
				CLANG_ENABLE_OBJC_ARC = YES;
				CLANG_ENABLE_OBJC_WEAK = YES;
				CLANG_WARN_BLOCK_CAPTURE_AUTORELEASING = YES;
				CLANG_WARN_BOOL_CONVERSION = YES;
				CLANG_WARN_COMMA = YES;
				CLANG_WARN_CONSTANT_CONVERSION = YES;
				CLANG_WARN_DEPRECATED_OBJC_IMPLEMENTATIONS = YES;
				CLANG_WARN_DIRECT_OBJC_ISA_USAGE = YES_ERROR;
				CLANG_WARN_DOCUMENTATION_COMMENTS = YES;
				CLANG_WARN_EMPTY_BODY = YES;
				CLANG_WARN_ENUM_CONVERSION = YES;
				CLANG_WARN_INFINITE_RECURSION = YES;
				CLANG_WARN_INT_CONVERSION = YES;
				CLANG_WARN_NON_LITERAL_NULL_CONVERSION = YES;
				CLANG_WARN_OBJC_IMPLICIT_RETAIN_SELF = YES;
				CLANG_WARN_OBJC_LITERAL_CONVERSION = YES;
				CLANG_WARN_OBJC_ROOT_CLASS = YES_ERROR;
				CLANG_WARN_QUOTED_INCLUDE_IN_FRAMEWORK_HEADER = YES;
				CLANG_WARN_RANGE_LOOP_ANALYSIS = YES;
				CLANG_WARN_STRICT_PROTOTYPES = YES;
				CLANG_WARN_SUSPICIOUS_MOVE = YES;
				CLANG_WARN_UNGUARDED_AVAILABILITY = YES_AGGRESSIVE;
				CLANG_WARN_UNREACHABLE_CODE = YES;
				CLANG_WARN__DUPLICATE_METHOD_MATCH = YES;
				COPY_PHASE_STRIP = NO;
				DEBUG_INFORMATION_FORMAT = "dwarf-with-dsym";
				ENABLE_NS_ASSERTIONS = NO;
				ENABLE_STRICT_OBJC_MSGSEND = YES;
				GCC_C_LANGUAGE_STANDARD = gnu11;
				GCC_NO_COMMON_BLOCKS = YES;
				GCC_WARN_64_TO_32_BIT_CONVERSION = YES;
				GCC_WARN_ABOUT_RETURN_TYPE = YES_ERROR;
				GCC_WARN_UNDECLARED_SELECTOR = YES;
				GCC_WARN_UNINITIALIZED_AUTOS = YES_AGGRESSIVE;
				GCC_WARN_UNUSED_FUNCTION = YES;
				GCC_WARN_UNUSED_VARIABLE = YES;
				IPHONEOS_DEPLOYMENT_TARGET = 16.4;
				MTL_ENABLE_DEBUG_INFO = NO;
				MTL_FAST_MATH = YES;
				SDKROOT = iphoneos;
				SWIFT_COMPILATION_MODE = wholemodule;
				SWIFT_OPTIMIZATION_LEVEL = "-O";
				VALIDATE_PRODUCT = YES;
			};
			name = Release;
		};
		BE1081112A71CF78008BBBAA /* Debug */ = {
			isa = XCBuildConfiguration;
			baseConfigurationReference = 97ECC01F5E25515686D45D6B /* Pods-SocialMediaFirebase.debug.xcconfig */;
			buildSettings = {
				ASSETCATALOG_COMPILER_APPICON_NAME = AppIcon;
				ASSETCATALOG_COMPILER_GLOBAL_ACCENT_COLOR_NAME = AccentColor;
				CODE_SIGN_STYLE = Automatic;
				CURRENT_PROJECT_VERSION = 1;
				GENERATE_INFOPLIST_FILE = YES;
				INFOPLIST_FILE = SocialMediaFirebase/Info.plist;
				INFOPLIST_KEY_UIApplicationSupportsIndirectInputEvents = YES;
				INFOPLIST_KEY_UILaunchStoryboardName = LaunchScreen;
				INFOPLIST_KEY_UIMainStoryboardFile = Main;
				INFOPLIST_KEY_UISupportedInterfaceOrientations_iPad = "UIInterfaceOrientationPortrait UIInterfaceOrientationPortraitUpsideDown UIInterfaceOrientationLandscapeLeft UIInterfaceOrientationLandscapeRight";
				INFOPLIST_KEY_UISupportedInterfaceOrientations_iPhone = "UIInterfaceOrientationPortrait UIInterfaceOrientationLandscapeLeft UIInterfaceOrientationLandscapeRight";
				LD_RUNPATH_SEARCH_PATHS = (
					"$(inherited)",
					"@executable_path/Frameworks",
				);
				MARKETING_VERSION = 1.0;
				PRODUCT_BUNDLE_IDENTIFIER = efekanguvendik.com.SocialMediaFirebase;
				PRODUCT_NAME = "$(TARGET_NAME)";
				SWIFT_EMIT_LOC_STRINGS = YES;
				SWIFT_VERSION = 5.0;
				TARGETED_DEVICE_FAMILY = "1,2";
			};
			name = Debug;
		};
		BE1081122A71CF78008BBBAA /* Release */ = {
			isa = XCBuildConfiguration;
			baseConfigurationReference = 902116EF4FF7474F78E6F1F1 /* Pods-SocialMediaFirebase.release.xcconfig */;
			buildSettings = {
				ASSETCATALOG_COMPILER_APPICON_NAME = AppIcon;
				ASSETCATALOG_COMPILER_GLOBAL_ACCENT_COLOR_NAME = AccentColor;
				CODE_SIGN_STYLE = Automatic;
				CURRENT_PROJECT_VERSION = 1;
				GENERATE_INFOPLIST_FILE = YES;
				INFOPLIST_FILE = SocialMediaFirebase/Info.plist;
				INFOPLIST_KEY_UIApplicationSupportsIndirectInputEvents = YES;
				INFOPLIST_KEY_UILaunchStoryboardName = LaunchScreen;
				INFOPLIST_KEY_UIMainStoryboardFile = Main;
				INFOPLIST_KEY_UISupportedInterfaceOrientations_iPad = "UIInterfaceOrientationPortrait UIInterfaceOrientationPortraitUpsideDown UIInterfaceOrientationLandscapeLeft UIInterfaceOrientationLandscapeRight";
				INFOPLIST_KEY_UISupportedInterfaceOrientations_iPhone = "UIInterfaceOrientationPortrait UIInterfaceOrientationLandscapeLeft UIInterfaceOrientationLandscapeRight";
				LD_RUNPATH_SEARCH_PATHS = (
					"$(inherited)",
					"@executable_path/Frameworks",
				);
				MARKETING_VERSION = 1.0;
				PRODUCT_BUNDLE_IDENTIFIER = efekanguvendik.com.SocialMediaFirebase;
				PRODUCT_NAME = "$(TARGET_NAME)";
				SWIFT_EMIT_LOC_STRINGS = YES;
				SWIFT_VERSION = 5.0;
				TARGETED_DEVICE_FAMILY = "1,2";
			};
			name = Release;
		};
/* End XCBuildConfiguration section */

/* Begin XCConfigurationList section */
		BE1080F72A71CF77008BBBAA /* Build configuration list for PBXProject "SocialMediaFirebase" */ = {
			isa = XCConfigurationList;
			buildConfigurations = (
				BE10810E2A71CF78008BBBAA /* Debug */,
				BE10810F2A71CF78008BBBAA /* Release */,
			);
			defaultConfigurationIsVisible = 0;
			defaultConfigurationName = Release;
		};
		BE1081102A71CF78008BBBAA /* Build configuration list for PBXNativeTarget "SocialMediaFirebase" */ = {
			isa = XCConfigurationList;
			buildConfigurations = (
				BE1081112A71CF78008BBBAA /* Debug */,
				BE1081122A71CF78008BBBAA /* Release */,
			);
			defaultConfigurationIsVisible = 0;
			defaultConfigurationName = Release;
		};
/* End XCConfigurationList section */
	};
	rootObject = BE1080F42A71CF77008BBBAA /* Project object */;
}
